{
  "name": "instacoll",
  "version": "0.1.0",
  "lockfileVersion": 1,
  "requires": true,
  "dependencies": {
    "@types/prop-types": {
      "version": "15.7.1",
      "resolved": "https://registry.npmjs.org/@types/prop-types/-/prop-types-15.7.1.tgz",
      "integrity": "sha512-CFzn9idOEpHrgdw8JsoTkaDDyRWk1jrzIV8djzcgpq0y9tG4B4lFT+Nxh52DVpDXV+n4+NPNv7M1Dj5uMp6XFg==",
      "dev": true
    },
    "@types/react": {
      "version": "16.8.23",
      "resolved": "https://registry.npmjs.org/@types/react/-/react-16.8.23.tgz",
      "integrity": "sha512-abkEOIeljniUN9qB5onp++g0EY38h7atnDHxwKUFz1r3VH1+yG1OKi2sNPTyObL40goBmfKFpdii2lEzwLX1cA==",
      "dev": true,
      "requires": {
        "@types/prop-types": "15.7.1",
        "csstype": "2.6.6"
      }
    },
    "@types/redux-form": {
      "version": "8.1.4",
      "resolved": "https://registry.npmjs.org/@types/redux-form/-/redux-form-8.1.4.tgz",
      "integrity": "sha512-HS/H1O0HZWLPHmTbWqCTDPAOhSkcSq4HcsQVFjFEpJmSYRn79Z3sxfSsMYckxhjvCTdcD+RgyxPa5YJQKovnkQ==",
      "dev": true,
      "requires": {
        "@types/react": "16.8.23",
        "redux": "4.0.3"
      }
    },
    "csstype": {
      "version": "2.6.6",
      "resolved": "https://registry.npmjs.org/csstype/-/csstype-2.6.6.tgz",
      "integrity": "sha512-RpFbQGUE74iyPgvr46U9t1xoQBM8T4BL8SxrN66Le2xYAPSaDJJKeztV3awugusb3g3G9iL8StmkBBXhcbbXhg==",
      "dev": true
    },
    "js-tokens": {
      "version": "4.0.0",
      "resolved": "https://registry.npmjs.org/js-tokens/-/js-tokens-4.0.0.tgz",
      "integrity": "sha512-RdJUflcE3cUzKiMqQgsCu06FPu9UdIJO0beYbPhHN4k6apgJtifcoCtT9bcxOpYBtpD2kCM6Sbzg4CausW/PKQ==",
      "dev": true
    },
    "loose-envify": {
      "version": "1.4.0",
      "resolved": "https://registry.npmjs.org/loose-envify/-/loose-envify-1.4.0.tgz",
      "integrity": "sha512-lyuxPGr/Wfhrlem2CL/UcnUc1zcqKAImBDzukY7Y5F/yQiNdko6+fRLevlw1HgMySw7f611UIY408EtxRSoK3Q==",
      "dev": true,
      "requires": {
        "js-tokens": "4.0.0"
      }
    },
    "redux": {
      "version": "4.0.3",
      "resolved": "https://registry.npmjs.org/redux/-/redux-4.0.3.tgz",
      "integrity": "sha512-v/Iaw67Pe+na+cZvcKvPxAKT1ww5kM+M09fmaCndCQC4Lo434AYb5975HJgJlp0D7dJxfYaLxMD4VwfpLOZ1Rw==",
      "dev": true,
      "requires": {
        "loose-envify": "1.4.0",
        "symbol-observable": "1.2.0"
      }
    },
    "symbol-observable": {
      "version": "1.2.0",
      "resolved": "https://registry.npmjs.org/symbol-observable/-/symbol-observable-1.2.0.tgz",
      "integrity": "sha512-e900nM8RRtGhlV36KGEU9k65K3mPb1WV70OdjfxlG2EAuM1noi/E/BaW/uMhL7bPEssK8QV57vN3esixjUvcXQ==",
      "dev": true
    }
  }
}
